
Microsoft Visual Studio Solution File, Format Version 12.00
# Visual Studio Version 17
VisualStudioVersion = 17.7.34031.279
MinimumVisualStudioVersion = 10.0.40219.1
Project("{9A19103F-16F7-4668-BE54-9A1E7A4F7556}") = "MockupConsoleProject", "MockupConsoleProject\MockupConsoleProject.csproj", "{2F556137-4321-4EC0-8129-4608E2A2450C}"
EndProject
Project("{9A19103F-16F7-4668-BE54-9A1E7A4F7556}") = "MockupLibrary", "MockupLibrary\MockupLibrary.csproj", "{9E3285A1-A30B-4DEB-B21E-A343D5C9CE0B}"
EndProject
Project("{9A19103F-16F7-4668-BE54-9A1E7A4F7556}") = "MockupTests", "MockupTests\MockupTests.csproj", "{DC92C546-24A4-4361-BF47-4D4867B00B5B}"
EndProject
Project("{9A19103F-16F7-4668-BE54-9A1E7A4F7556}") = "MockupFormsProject", "MockupFormsProject\MockupFormsProject.csproj", "{B15FDAE6-7333-49DF-BC5A-13A4BD713767}"
EndProject
Global
	GlobalSection(SolutionConfigurationPlatforms) = preSolution
		Debug|Any CPU = Debug|Any CPU
		Release|Any CPU = Release|Any CPU
	EndGlobalSection
	GlobalSection(ProjectConfigurationPlatforms) = postSolution
		{2F556137-4321-4EC0-8129-4608E2A2450C}.Debug|Any CPU.ActiveCfg = Debug|Any CPU
		{2F556137-4321-4EC0-8129-4608E2A2450C}.Debug|Any CPU.Build.0 = Debug|Any CPU
		{2F556137-4321-4EC0-8129-4608E2A2450C}.Release|Any CPU.ActiveCfg = Release|Any CPU
		{2F556137-4321-4EC0-8129-4608E2A2450C}.Release|Any CPU.Build.0 = Release|Any CPU
		{9E3285A1-A30B-4DEB-B21E-A343D5C9CE0B}.Debug|Any CPU.ActiveCfg = Debug|Any CPU
		{9E3285A1-A30B-4DEB-B21E-A343D5C9CE0B}.Debug|Any CPU.Build.0 = Debug|Any CPU
		{9E3285A1-A30B-4DEB-B21E-A343D5C9CE0B}.Release|Any CPU.ActiveCfg = Release|Any CPU
		{9E3285A1-A30B-4DEB-B21E-A343D5C9CE0B}.Release|Any CPU.Build.0 = Release|Any CPU
		{DC92C546-24A4-4361-BF47-4D4867B00B5B}.Debug|Any CPU.ActiveCfg = Debug|Any CPU
		{DC92C546-24A4-4361-BF47-4D4867B00B5B}.Debug|Any CPU.Build.0 = Debug|Any CPU
		{DC92C546-24A4-4361-BF47-4D4867B00B5B}.Release|Any CPU.ActiveCfg = Release|Any CPU
		{DC92C546-24A4-4361-BF47-4D4867B00B5B}.Release|Any CPU.Build.0 = Release|Any CPU
		{B15FDAE6-7333-49DF-BC5A-13A4BD713767}.Debug|Any CPU.ActiveCfg = Debug|Any CPU
		{B15FDAE6-7333-49DF-BC5A-13A4BD713767}.Debug|Any CPU.Build.0 = Debug|Any CPU
		{B15FDAE6-7333-49DF-BC5A-13A4BD713767}.Release|Any CPU.ActiveCfg = Release|Any CPU
		{B15FDAE6-7333-49DF-BC5A-13A4BD713767}.Release|Any CPU.Build.0 = Release|Any CPU
	EndGlobalSection
	GlobalSection(SolutionProperties) = preSolution
		HideSolutionNode = FALSE
	EndGlobalSection
	GlobalSection(ExtensibilityGlobals) = postSolution
		SolutionGuid = {B7844411-75EF-437D-BFB1-C14C9082336B}
	EndGlobalSection
EndGlobal
